
Microsoft Visual Studio Solution File, Format Version 12.00
# Visual Studio Version 16
Project("{8BC9CEB8-8B4A-11D0-8D11-00A0C91BC942}") = "ALL_BUILD", "ALL_BUILD.vcxproj", "{AB64AEB9-401B-3157-BEAD-C55348C19E66}"
	ProjectSection(ProjectDependencies) = postProject
		{EE5637BE-AD37-309F-81DC-539A3AED6CC2} = {EE5637BE-AD37-309F-81DC-539A3AED6CC2}
		{F5EEC712-BB1E-3769-B0D0-238930004574} = {F5EEC712-BB1E-3769-B0D0-238930004574}
		{B0570846-619A-39D6-A922-489E1E74C32D} = {B0570846-619A-39D6-A922-489E1E74C32D}
		{B8D83CFB-B747-3BC8-BBA9-2D95C7D423E5} = {B8D83CFB-B747-3BC8-BBA9-2D95C7D423E5}
		{270845E0-949E-34F2-A4EE-69A5753F9DDB} = {270845E0-949E-34F2-A4EE-69A5753F9DDB}
	EndProjectSection
EndProject
Project("{8BC9CEB8-8B4A-11D0-8D11-00A0C91BC942}") = "INSTALL", "INSTALL.vcxproj", "{CB70DD7B-7973-3F82-A49B-9200961E24DF}"
	ProjectSection(ProjectDependencies) = postProject
		{AB64AEB9-401B-3157-BEAD-C55348C19E66} = {AB64AEB9-401B-3157-BEAD-C55348C19E66}
		{EE5637BE-AD37-309F-81DC-539A3AED6CC2} = {EE5637BE-AD37-309F-81DC-539A3AED6CC2}
	EndProjectSection
EndProject
Project("{8BC9CEB8-8B4A-11D0-8D11-00A0C91BC942}") = "UpdateAssimpLibsDebugSymbolsAndDLLs", "UpdateAssimpLibsDebugSymbolsAndDLLs.vcxproj", "{D28FF3FB-DFC6-3B75-A3B2-7831034DFB8D}"
	ProjectSection(ProjectDependencies) = postProject
		{EE5637BE-AD37-309F-81DC-539A3AED6CC2} = {EE5637BE-AD37-309F-81DC-539A3AED6CC2}
	EndProjectSection
EndProject
Project("{8BC9CEB8-8B4A-11D0-8D11-00A0C91BC942}") = "ZERO_CHECK", "ZERO_CHECK.vcxproj", "{EE5637BE-AD37-309F-81DC-539A3AED6CC2}"
	ProjectSection(ProjectDependencies) = postProject
	EndProjectSection
EndProject
Project("{8BC9CEB8-8B4A-11D0-8D11-00A0C91BC942}") = "assimp", "code\assimp.vcxproj", "{F5EEC712-BB1E-3769-B0D0-238930004574}"
	ProjectSection(ProjectDependencies) = postProject
		{EE5637BE-AD37-309F-81DC-539A3AED6CC2} = {EE5637BE-AD37-309F-81DC-539A3AED6CC2}
		{270845E0-949E-34F2-A4EE-69A5753F9DDB} = {270845E0-949E-34F2-A4EE-69A5753F9DDB}
	EndProjectSection
EndProject
Project("{8BC9CEB8-8B4A-11D0-8D11-00A0C91BC942}") = "assimp_cmd", "tools\assimp_cmd\assimp_cmd.vcxproj", "{B0570846-619A-39D6-A922-489E1E74C32D}"
	ProjectSection(ProjectDependencies) = postProject
		{EE5637BE-AD37-309F-81DC-539A3AED6CC2} = {EE5637BE-AD37-309F-81DC-539A3AED6CC2}
		{F5EEC712-BB1E-3769-B0D0-238930004574} = {F5EEC712-BB1E-3769-B0D0-238930004574}
		{270845E0-949E-34F2-A4EE-69A5753F9DDB} = {270845E0-949E-34F2-A4EE-69A5753F9DDB}
	EndProjectSection
EndProject
Project("{8BC9CEB8-8B4A-11D0-8D11-00A0C91BC942}") = "uninstall", "uninstall.vcxproj", "{9A7DF185-F545-3AEE-A5DB-46032941DD3A}"
	ProjectSection(ProjectDependencies) = postProject
		{EE5637BE-AD37-309F-81DC-539A3AED6CC2} = {EE5637BE-AD37-309F-81DC-539A3AED6CC2}
	EndProjectSection
EndProject
Project("{8BC9CEB8-8B4A-11D0-8D11-00A0C91BC942}") = "unit", "test\unit.vcxproj", "{B8D83CFB-B747-3BC8-BBA9-2D95C7D423E5}"
	ProjectSection(ProjectDependencies) = postProject
		{EE5637BE-AD37-309F-81DC-539A3AED6CC2} = {EE5637BE-AD37-309F-81DC-539A3AED6CC2}
		{F5EEC712-BB1E-3769-B0D0-238930004574} = {F5EEC712-BB1E-3769-B0D0-238930004574}
		{270845E0-949E-34F2-A4EE-69A5753F9DDB} = {270845E0-949E-34F2-A4EE-69A5753F9DDB}
	EndProjectSection
EndProject
Project("{8BC9CEB8-8B4A-11D0-8D11-00A0C91BC942}") = "zlibstatic", "contrib\zlib\zlibstatic.vcxproj", "{270845E0-949E-34F2-A4EE-69A5753F9DDB}"
	ProjectSection(ProjectDependencies) = postProject
		{EE5637BE-AD37-309F-81DC-539A3AED6CC2} = {EE5637BE-AD37-309F-81DC-539A3AED6CC2}
	EndProjectSection
EndProject
Global
	GlobalSection(SolutionConfigurationPlatforms) = preSolution
		Debug|x64 = Debug|x64
		Release|x64 = Release|x64
		MinSizeRel|x64 = MinSizeRel|x64
		RelWithDebInfo|x64 = RelWithDebInfo|x64
	EndGlobalSection
	GlobalSection(ProjectConfigurationPlatforms) = postSolution
		{AB64AEB9-401B-3157-BEAD-C55348C19E66}.Debug|x64.ActiveCfg = Debug|x64
		{AB64AEB9-401B-3157-BEAD-C55348C19E66}.Debug|x64.Build.0 = Debug|x64
		{AB64AEB9-401B-3157-BEAD-C55348C19E66}.Release|x64.ActiveCfg = Release|x64
		{AB64AEB9-401B-3157-BEAD-C55348C19E66}.Release|x64.Build.0 = Release|x64
		{AB64AEB9-401B-3157-BEAD-C55348C19E66}.MinSizeRel|x64.ActiveCfg = MinSizeRel|x64
		{AB64AEB9-401B-3157-BEAD-C55348C19E66}.MinSizeRel|x64.Build.0 = MinSizeRel|x64
		{AB64AEB9-401B-3157-BEAD-C55348C19E66}.RelWithDebInfo|x64.ActiveCfg = RelWithDebInfo|x64
		{AB64AEB9-401B-3157-BEAD-C55348C19E66}.RelWithDebInfo|x64.Build.0 = RelWithDebInfo|x64
		{CB70DD7B-7973-3F82-A49B-9200961E24DF}.Debug|x64.ActiveCfg = Debug|x64
		{CB70DD7B-7973-3F82-A49B-9200961E24DF}.Release|x64.ActiveCfg = Release|x64
		{CB70DD7B-7973-3F82-A49B-9200961E24DF}.MinSizeRel|x64.ActiveCfg = MinSizeRel|x64
		{CB70DD7B-7973-3F82-A49B-9200961E24DF}.RelWithDebInfo|x64.ActiveCfg = RelWithDebInfo|x64
		{D28FF3FB-DFC6-3B75-A3B2-7831034DFB8D}.Debug|x64.ActiveCfg = Debug|x64
		{D28FF3FB-DFC6-3B75-A3B2-7831034DFB8D}.Release|x64.ActiveCfg = Release|x64
		{D28FF3FB-DFC6-3B75-A3B2-7831034DFB8D}.MinSizeRel|x64.ActiveCfg = MinSizeRel|x64
		{D28FF3FB-DFC6-3B75-A3B2-7831034DFB8D}.RelWithDebInfo|x64.ActiveCfg = RelWithDebInfo|x64
		{EE5637BE-AD37-309F-81DC-539A3AED6CC2}.Debug|x64.ActiveCfg = Debug|x64
		{EE5637BE-AD37-309F-81DC-539A3AED6CC2}.Debug|x64.Build.0 = Debug|x64
		{EE5637BE-AD37-309F-81DC-539A3AED6CC2}.Release|x64.ActiveCfg = Release|x64
		{EE5637BE-AD37-309F-81DC-539A3AED6CC2}.Release|x64.Build.0 = Release|x64
		{EE5637BE-AD37-309F-81DC-539A3AED6CC2}.MinSizeRel|x64.ActiveCfg = MinSizeRel|x64
		{EE5637BE-AD37-309F-81DC-539A3AED6CC2}.MinSizeRel|x64.Build.0 = MinSizeRel|x64
		{EE5637BE-AD37-309F-81DC-539A3AED6CC2}.RelWithDebInfo|x64.ActiveCfg = RelWithDebInfo|x64
		{EE5637BE-AD37-309F-81DC-539A3AED6CC2}.RelWithDebInfo|x64.Build.0 = RelWithDebInfo|x64
		{F5EEC712-BB1E-3769-B0D0-238930004574}.Debug|x64.ActiveCfg = Debug|x64
		{F5EEC712-BB1E-3769-B0D0-238930004574}.Debug|x64.Build.0 = Debug|x64
		{F5EEC712-BB1E-3769-B0D0-238930004574}.Release|x64.ActiveCfg = Release|x64
		{F5EEC712-BB1E-3769-B0D0-238930004574}.Release|x64.Build.0 = Release|x64
		{F5EEC712-BB1E-3769-B0D0-238930004574}.MinSizeRel|x64.ActiveCfg = MinSizeRel|x64
		{F5EEC712-BB1E-3769-B0D0-238930004574}.MinSizeRel|x64.Build.0 = MinSizeRel|x64
		{F5EEC712-BB1E-3769-B0D0-238930004574}.RelWithDebInfo|x64.ActiveCfg = RelWithDebInfo|x64
		{F5EEC712-BB1E-3769-B0D0-238930004574}.RelWithDebInfo|x64.Build.0 = RelWithDebInfo|x64
		{B0570846-619A-39D6-A922-489E1E74C32D}.Debug|x64.ActiveCfg = Debug|x64
		{B0570846-619A-39D6-A922-489E1E74C32D}.Debug|x64.Build.0 = Debug|x64
		{B0570846-619A-39D6-A922-489E1E74C32D}.Release|x64.ActiveCfg = Release|x64
		{B0570846-619A-39D6-A922-489E1E74C32D}.Release|x64.Build.0 = Release|x64
		{B0570846-619A-39D6-A922-489E1E74C32D}.MinSizeRel|x64.ActiveCfg = MinSizeRel|x64
		{B0570846-619A-39D6-A922-489E1E74C32D}.MinSizeRel|x64.Build.0 = MinSizeRel|x64
		{B0570846-619A-39D6-A922-489E1E74C32D}.RelWithDebInfo|x64.ActiveCfg = RelWithDebInfo|x64
		{B0570846-619A-39D6-A922-489E1E74C32D}.RelWithDebInfo|x64.Build.0 = RelWithDebInfo|x64
		{9A7DF185-F545-3AEE-A5DB-46032941DD3A}.Debug|x64.ActiveCfg = Debug|x64
		{9A7DF185-F545-3AEE-A5DB-46032941DD3A}.Release|x64.ActiveCfg = Release|x64
		{9A7DF185-F545-3AEE-A5DB-46032941DD3A}.MinSizeRel|x64.ActiveCfg = MinSizeRel|x64
		{9A7DF185-F545-3AEE-A5DB-46032941DD3A}.RelWithDebInfo|x64.ActiveCfg = RelWithDebInfo|x64
		{B8D83CFB-B747-3BC8-BBA9-2D95C7D423E5}.Debug|x64.ActiveCfg = Debug|x64
		{B8D83CFB-B747-3BC8-BBA9-2D95C7D423E5}.Debug|x64.Build.0 = Debug|x64
		{B8D83CFB-B747-3BC8-BBA9-2D95C7D423E5}.Release|x64.ActiveCfg = Release|x64
		{B8D83CFB-B747-3BC8-BBA9-2D95C7D423E5}.Release|x64.Build.0 = Release|x64
		{B8D83CFB-B747-3BC8-BBA9-2D95C7D423E5}.MinSizeRel|x64.ActiveCfg = MinSizeRel|x64
		{B8D83CFB-B747-3BC8-BBA9-2D95C7D423E5}.MinSizeRel|x64.Build.0 = MinSizeRel|x64
		{B8D83CFB-B747-3BC8-BBA9-2D95C7D423E5}.RelWithDebInfo|x64.ActiveCfg = RelWithDebInfo|x64
		{B8D83CFB-B747-3BC8-BBA9-2D95C7D423E5}.RelWithDebInfo|x64.Build.0 = RelWithDebInfo|x64
		{270845E0-949E-34F2-A4EE-69A5753F9DDB}.Debug|x64.ActiveCfg = Debug|x64
		{270845E0-949E-34F2-A4EE-69A5753F9DDB}.Debug|x64.Build.0 = Debug|x64
		{270845E0-949E-34F2-A4EE-69A5753F9DDB}.Release|x64.ActiveCfg = Release|x64
		{270845E0-949E-34F2-A4EE-69A5753F9DDB}.Release|x64.Build.0 = Release|x64
		{270845E0-949E-34F2-A4EE-69A5753F9DDB}.MinSizeRel|x64.ActiveCfg = MinSizeRel|x64
		{270845E0-949E-34F2-A4EE-69A5753F9DDB}.MinSizeRel|x64.Build.0 = MinSizeRel|x64
		{270845E0-949E-34F2-A4EE-69A5753F9DDB}.RelWithDebInfo|x64.ActiveCfg = RelWithDebInfo|x64
		{270845E0-949E-34F2-A4EE-69A5753F9DDB}.RelWithDebInfo|x64.Build.0 = RelWithDebInfo|x64
	EndGlobalSection
	GlobalSection(ExtensibilityGlobals) = postSolution
		SolutionGuid = {7DABF998-CAC2-38F5-A2E7-FDC3EE6915A7}
	EndGlobalSection
	GlobalSection(ExtensibilityAddIns) = postSolution
	EndGlobalSection
EndGlobal
